{
    "name": "fake_offset_scale",
    "version": "0.0.1",
    "lockfileVersion": 1,
    "requires": true,
    "dependencies": {
        "commander": {
            "version": "3.0.1",
            "resolved": "https://registry.npmjs.org/commander/-/commander-3.0.1.tgz",
            "integrity": "sha512-UNgvDd+csKdc9GD4zjtkHKQbT8Aspt2jCBqNSPp53vAS0L1tS9sXB2TCEOPHJ7kt9bN/niWkYj8T3RQSoMXdSQ=="
        },
        "image-size": {
            "version": "0.8.1",
            "resolved": "https://registry.npmjs.org/image-size/-/image-size-0.8.1.tgz",
            "integrity": "sha512-X2HcWljsuWJPMTb1CGAN2+xuAAjQK5kdSzhqQXZlJBf0MpdXqfIeQCMJKYKS2OEVDwReS2zO5i7MlikWPBTotQ==",
            "requires": {
                "queue": "6.0.1"
            }
        },
        "inherits": {
            "version": "2.0.4",
            "resolved": "https://registry.npmjs.org/inherits/-/inherits-2.0.4.tgz",
            "integrity": "sha512-k/vGaX4/Yla3WzyMCvTQOXYeIHvqOKtnqBduzTHpzpQZzAskKMhZ2K+EnBiSM9zGSoIFeMpXKxa4dYeZIQqewQ=="
        },
        "queue": {
            "version": "6.0.1",
            "resolved": "https://registry.npmjs.org/queue/-/queue-6.0.1.tgz",
            "integrity": "sha512-AJBQabRCCNr9ANq8v77RJEv73DPbn55cdTb+Giq4X0AVnNVZvMHlYp7XlQiN+1npCZj1DuSmaA2hYVUUDgxFDg==",
            "requires": {
                "inherits": "~2.0.3"
            }
        },
        "three-obj-loader": {
            "version": "1.1.3",
            "resolved": "https://registry.npmjs.org/three-obj-loader/-/three-obj-loader-1.1.3.tgz",
            "integrity": "sha512-usuOOTAqeM7J7dyae/I9ltFnfy1g47Hsr3byTvBTeH9LYz5vb2i8rLd2Hi1HEr0MbB5H4p9YrqFaDGcijXEVNw=="
        },
        "three.js-node": {
            "version": "0.72.1",
            "resolved": "https://registry.npmjs.org/three.js-node/-/three.js-node-0.72.1.tgz",
            "integrity": "sha1-4OOeaG1tyglBChI8cg1ASGosDEw="
        }
    }
}
